
Microsoft Visual Studio Solution File, Format Version 12.00
# Visual Studio Version 16
VisualStudioVersion = 16.0.31112.23
MinimumVisualStudioVersion = 10.0.40219.1
Project("{FAE04EC0-301F-11D3-BF4B-00C04F79EFBC}") = "GameProject", "GameProject\GameProject.csproj", "{C0BA8CA8-9DE3-4971-B241-7CBD9D5703D9}"
EndProject
Global
	GlobalSection(SolutionConfigurationPlatforms) = preSolution
		Debug|Any CPU = Debug|Any CPU
		Release|Any CPU = Release|Any CPU
	EndGlobalSection
	GlobalSection(ProjectConfigurationPlatforms) = postSolution
		{C0BA8CA8-9DE3-4971-B241-7CBD9D5703D9}.Debug|Any CPU.ActiveCfg = Debug|Any CPU
		{C0BA8CA8-9DE3-4971-B241-7CBD9D5703D9}.Debug|Any CPU.Build.0 = Debug|Any CPU
		{C0BA8CA8-9DE3-4971-B241-7CBD9D5703D9}.Release|Any CPU.ActiveCfg = Release|Any CPU
		{C0BA8CA8-9DE3-4971-B241-7CBD9D5703D9}.Release|Any CPU.Build.0 = Release|Any CPU
	EndGlobalSection
	GlobalSection(SolutionProperties) = preSolution
		HideSolutionNode = FALSE
	EndGlobalSection
	GlobalSection(ExtensibilityGlobals) = postSolution
		SolutionGuid = {F5524C15-3366-47DF-8B50-CAD2444D4D6E}
	EndGlobalSection
EndGlobal
